
Microsoft Visual Studio Solution File, Format Version 12.00
# Visual Studio Version 17
VisualStudioVersion = 17.10.35027.167
MinimumVisualStudioVersion = 10.0.40219.1
Project("{9A19103F-16F7-4668-BE54-9A1E7A4F7556}") = "Martiscoin.core", "Martiscoin.core.csproj", "{14208253-6696-45FD-89AA-3F1AECBD070E}"
EndProject
Global
	GlobalSection(SolutionConfigurationPlatforms) = preSolution
		Debug|Any CPU = Debug|Any CPU
		Release|Any CPU = Release|Any CPU
	EndGlobalSection
	GlobalSection(ProjectConfigurationPlatforms) = postSolution
		{14208253-6696-45FD-89AA-3F1AECBD070E}.Debug|Any CPU.ActiveCfg = Debug|Any CPU
		{14208253-6696-45FD-89AA-3F1AECBD070E}.Debug|Any CPU.Build.0 = Debug|Any CPU
		{14208253-6696-45FD-89AA-3F1AECBD070E}.Release|Any CPU.ActiveCfg = Release|Any CPU
		{14208253-6696-45FD-89AA-3F1AECBD070E}.Release|Any CPU.Build.0 = Release|Any CPU
	EndGlobalSection
	GlobalSection(SolutionProperties) = preSolution
		HideSolutionNode = FALSE
	EndGlobalSection
	GlobalSection(ExtensibilityGlobals) = postSolution
		SolutionGuid = {3F663621-F1B7-43F9-AF0C-72B076ADD1CB}
	EndGlobalSection
EndGlobal
